
Microsoft Visual Studio Solution File, Format Version 12.00
# Visual Studio 15
VisualStudioVersion = 15.0.28307.1259
MinimumVisualStudioVersion = 10.0.40219.1
Project("{FAE04EC0-301F-11D3-BF4B-00C04F79EFBC}") = "Homework_2", "Homework_2\Homework_2.csproj", "{64A41FD1-CF4B-4FDD-B6F3-39B71429A0EA}"
EndProject
Global
	GlobalSection(SolutionConfigurationPlatforms) = preSolution
		Debug|Any CPU = Debug|Any CPU
		Release|Any CPU = Release|Any CPU
	EndGlobalSection
	GlobalSection(ProjectConfigurationPlatforms) = postSolution
		{64A41FD1-CF4B-4FDD-B6F3-39B71429A0EA}.Debug|Any CPU.ActiveCfg = Debug|Any CPU
		{64A41FD1-CF4B-4FDD-B6F3-39B71429A0EA}.Debug|Any CPU.Build.0 = Debug|Any CPU
		{64A41FD1-CF4B-4FDD-B6F3-39B71429A0EA}.Release|Any CPU.ActiveCfg = Release|Any CPU
		{64A41FD1-CF4B-4FDD-B6F3-39B71429A0EA}.Release|Any CPU.Build.0 = Release|Any CPU
	EndGlobalSection
	GlobalSection(SolutionProperties) = preSolution
		HideSolutionNode = FALSE
	EndGlobalSection
	GlobalSection(ExtensibilityGlobals) = postSolution
		SolutionGuid = {E5E18D9C-5BC1-4873-9188-A243CE796716}
	EndGlobalSection
EndGlobal
